
Microsoft Visual Studio Solution File, Format Version 12.00
# Visual Studio Version 17
VisualStudioVersion = 17.8.34511.84
MinimumVisualStudioVersion = 10.0.40219.1
Project("{FAE04EC0-301F-11D3-BF4B-00C04F79EFBC}") = "Week5LogicalOperators", "Week5LogicalOperators\Week5LogicalOperators.csproj", "{BA08E714-A91B-4719-95E6-3B2BC0125558}"
EndProject
Project("{FAE04EC0-301F-11D3-BF4B-00C04F79EFBC}") = "AndOperator", "AndOperator\AndOperator.csproj", "{B8445865-EE7F-4D92-AE61-6B7FD8470DE2}"
EndProject
Project("{FAE04EC0-301F-11D3-BF4B-00C04F79EFBC}") = "OrOperator", "OrOperator\OrOperator.csproj", "{53D9D03F-9A4A-480C-A876-A6C8AEA78B05}"
EndProject
Project("{FAE04EC0-301F-11D3-BF4B-00C04F79EFBC}") = "ANDRanges", "ANDRanges\ANDRanges.csproj", "{27622046-7786-4B13-A2BA-B9DDCD94D381}"
EndProject
Project("{FAE04EC0-301F-11D3-BF4B-00C04F79EFBC}") = "Test5", "Test5\Test5.csproj", "{66DB499C-E6FB-4D04-BB34-0ECC828CA9F4}"
EndProject
Global
	GlobalSection(SolutionConfigurationPlatforms) = preSolution
		Debug|Any CPU = Debug|Any CPU
		Release|Any CPU = Release|Any CPU
	EndGlobalSection
	GlobalSection(ProjectConfigurationPlatforms) = postSolution
		{BA08E714-A91B-4719-95E6-3B2BC0125558}.Debug|Any CPU.ActiveCfg = Debug|Any CPU
		{BA08E714-A91B-4719-95E6-3B2BC0125558}.Debug|Any CPU.Build.0 = Debug|Any CPU
		{BA08E714-A91B-4719-95E6-3B2BC0125558}.Release|Any CPU.ActiveCfg = Release|Any CPU
		{BA08E714-A91B-4719-95E6-3B2BC0125558}.Release|Any CPU.Build.0 = Release|Any CPU
		{B8445865-EE7F-4D92-AE61-6B7FD8470DE2}.Debug|Any CPU.ActiveCfg = Debug|Any CPU
		{B8445865-EE7F-4D92-AE61-6B7FD8470DE2}.Debug|Any CPU.Build.0 = Debug|Any CPU
		{B8445865-EE7F-4D92-AE61-6B7FD8470DE2}.Release|Any CPU.ActiveCfg = Release|Any CPU
		{B8445865-EE7F-4D92-AE61-6B7FD8470DE2}.Release|Any CPU.Build.0 = Release|Any CPU
		{53D9D03F-9A4A-480C-A876-A6C8AEA78B05}.Debug|Any CPU.ActiveCfg = Debug|Any CPU
		{53D9D03F-9A4A-480C-A876-A6C8AEA78B05}.Debug|Any CPU.Build.0 = Debug|Any CPU
		{53D9D03F-9A4A-480C-A876-A6C8AEA78B05}.Release|Any CPU.ActiveCfg = Release|Any CPU
		{53D9D03F-9A4A-480C-A876-A6C8AEA78B05}.Release|Any CPU.Build.0 = Release|Any CPU
		{27622046-7786-4B13-A2BA-B9DDCD94D381}.Debug|Any CPU.ActiveCfg = Debug|Any CPU
		{27622046-7786-4B13-A2BA-B9DDCD94D381}.Debug|Any CPU.Build.0 = Debug|Any CPU
		{27622046-7786-4B13-A2BA-B9DDCD94D381}.Release|Any CPU.ActiveCfg = Release|Any CPU
		{27622046-7786-4B13-A2BA-B9DDCD94D381}.Release|Any CPU.Build.0 = Release|Any CPU
		{66DB499C-E6FB-4D04-BB34-0ECC828CA9F4}.Debug|Any CPU.ActiveCfg = Debug|Any CPU
		{66DB499C-E6FB-4D04-BB34-0ECC828CA9F4}.Debug|Any CPU.Build.0 = Debug|Any CPU
		{66DB499C-E6FB-4D04-BB34-0ECC828CA9F4}.Release|Any CPU.ActiveCfg = Release|Any CPU
		{66DB499C-E6FB-4D04-BB34-0ECC828CA9F4}.Release|Any CPU.Build.0 = Release|Any CPU
	EndGlobalSection
	GlobalSection(SolutionProperties) = preSolution
		HideSolutionNode = FALSE
	EndGlobalSection
	GlobalSection(ExtensibilityGlobals) = postSolution
		SolutionGuid = {435B6457-A2C9-41C7-B530-495954CB5EE0}
	EndGlobalSection
EndGlobal
